
Microsoft Visual Studio Solution File, Format Version 12.00
# Visual Studio 15
VisualStudioVersion = 15.0.27130.2010
MinimumVisualStudioVersion = 10.0.40219.1
Project("{FAE04EC0-301F-11D3-BF4B-00C04F79EFBC}") = "InRiver.TableLookup", "InRiver.TableLookup\InRiver.TableLookup.csproj", "{99730F4E-9FBB-4A0D-B98E-0FDD9640411D}"
EndProject
Project("{FAE04EC0-301F-11D3-BF4B-00C04F79EFBC}") = "InRiver.TableLookup.Tests", "InRiver.TableLookup.Tests\InRiver.TableLookup.Tests.csproj", "{DBEA4483-0E04-41D9-AD4E-7E61268E76D7}"
EndProject
Project("{FAE04EC0-301F-11D3-BF4B-00C04F79EFBC}") = "InRiver.ImageAnalyzer", "InRiver.ImageAnalyzer\InRiver.ImageAnalyzer.csproj", "{FBAC3FA5-BA95-4C94-96CF-E80F745FD399}"
EndProject
Project("{FAE04EC0-301F-11D3-BF4B-00C04F79EFBC}") = "InRiver.ImageAnalyzer.Tests", "InRiver.ImageAnalyzer.Tests\InRiver.ImageAnalyzer.Tests.csproj", "{2E3DF5C2-8A38-4A03-86D7-8D463C917E47}"
EndProject
Project("{2150E333-8FDC-42A3-9474-1A3956D46DE8}") = "Tests", "Tests", "{15EF60B2-C67F-42B4-B9B3-3131FB168C75}"
EndProject
Project("{FAE04EC0-301F-11D3-BF4B-00C04F79EFBC}") = "InRiver.Logging.ApplicationInsights", "InRiver.Logging.ApplicationInsights\InRiver.Logging.ApplicationInsights.csproj", "{8085C91F-3B74-439F-A74B-FABEA73502E8}"
EndProject
Project("{FAE04EC0-301F-11D3-BF4B-00C04F79EFBC}") = "InRiver.Logging.ApplicationInsights.Tests", "InRiver.Logging.ApplicationInsights.Tests\InRiver.Logging.ApplicationInsights.Tests.csproj", "{AB24AFB5-5CA8-4CCA-9579-F8D641048E6E}"
EndProject
Global
	GlobalSection(SolutionConfigurationPlatforms) = preSolution
		Debug|Any CPU = Debug|Any CPU
		Release|Any CPU = Release|Any CPU
	EndGlobalSection
	GlobalSection(ProjectConfigurationPlatforms) = postSolution
		{99730F4E-9FBB-4A0D-B98E-0FDD9640411D}.Debug|Any CPU.ActiveCfg = Debug|Any CPU
		{99730F4E-9FBB-4A0D-B98E-0FDD9640411D}.Debug|Any CPU.Build.0 = Debug|Any CPU
		{99730F4E-9FBB-4A0D-B98E-0FDD9640411D}.Release|Any CPU.ActiveCfg = Release|Any CPU
		{99730F4E-9FBB-4A0D-B98E-0FDD9640411D}.Release|Any CPU.Build.0 = Release|Any CPU
		{DBEA4483-0E04-41D9-AD4E-7E61268E76D7}.Debug|Any CPU.ActiveCfg = Debug|Any CPU
		{DBEA4483-0E04-41D9-AD4E-7E61268E76D7}.Debug|Any CPU.Build.0 = Debug|Any CPU
		{DBEA4483-0E04-41D9-AD4E-7E61268E76D7}.Release|Any CPU.ActiveCfg = Release|Any CPU
		{DBEA4483-0E04-41D9-AD4E-7E61268E76D7}.Release|Any CPU.Build.0 = Release|Any CPU
		{FBAC3FA5-BA95-4C94-96CF-E80F745FD399}.Debug|Any CPU.ActiveCfg = Debug|Any CPU
		{FBAC3FA5-BA95-4C94-96CF-E80F745FD399}.Debug|Any CPU.Build.0 = Debug|Any CPU
		{FBAC3FA5-BA95-4C94-96CF-E80F745FD399}.Release|Any CPU.ActiveCfg = Release|Any CPU
		{FBAC3FA5-BA95-4C94-96CF-E80F745FD399}.Release|Any CPU.Build.0 = Release|Any CPU
		{2E3DF5C2-8A38-4A03-86D7-8D463C917E47}.Debug|Any CPU.ActiveCfg = Debug|Any CPU
		{2E3DF5C2-8A38-4A03-86D7-8D463C917E47}.Debug|Any CPU.Build.0 = Debug|Any CPU
		{2E3DF5C2-8A38-4A03-86D7-8D463C917E47}.Release|Any CPU.ActiveCfg = Release|Any CPU
		{2E3DF5C2-8A38-4A03-86D7-8D463C917E47}.Release|Any CPU.Build.0 = Release|Any CPU
		{8085C91F-3B74-439F-A74B-FABEA73502E8}.Debug|Any CPU.ActiveCfg = Debug|Any CPU
		{8085C91F-3B74-439F-A74B-FABEA73502E8}.Debug|Any CPU.Build.0 = Debug|Any CPU
		{8085C91F-3B74-439F-A74B-FABEA73502E8}.Release|Any CPU.ActiveCfg = Release|Any CPU
		{8085C91F-3B74-439F-A74B-FABEA73502E8}.Release|Any CPU.Build.0 = Release|Any CPU
		{AB24AFB5-5CA8-4CCA-9579-F8D641048E6E}.Debug|Any CPU.ActiveCfg = Debug|Any CPU
		{AB24AFB5-5CA8-4CCA-9579-F8D641048E6E}.Debug|Any CPU.Build.0 = Debug|Any CPU
		{AB24AFB5-5CA8-4CCA-9579-F8D641048E6E}.Release|Any CPU.ActiveCfg = Release|Any CPU
		{AB24AFB5-5CA8-4CCA-9579-F8D641048E6E}.Release|Any CPU.Build.0 = Release|Any CPU
	EndGlobalSection
	GlobalSection(SolutionProperties) = preSolution
		HideSolutionNode = FALSE
	EndGlobalSection
	GlobalSection(NestedProjects) = preSolution
		{DBEA4483-0E04-41D9-AD4E-7E61268E76D7} = {15EF60B2-C67F-42B4-B9B3-3131FB168C75}
		{2E3DF5C2-8A38-4A03-86D7-8D463C917E47} = {15EF60B2-C67F-42B4-B9B3-3131FB168C75}
		{AB24AFB5-5CA8-4CCA-9579-F8D641048E6E} = {15EF60B2-C67F-42B4-B9B3-3131FB168C75}
	EndGlobalSection
	GlobalSection(ExtensibilityGlobals) = postSolution
		SolutionGuid = {2E3DBE53-43D1-4648-8B1B-026C9AE904D9}
	EndGlobalSection
EndGlobal
