
Microsoft Visual Studio Solution File, Format Version 12.00
# Visual Studio 15
VisualStudioVersion = 15.0.26730.15
MinimumVisualStudioVersion = 10.0.40219.1
Project("{FAE04EC0-301F-11D3-BF4B-00C04F79EFBC}") = "InRiver.TableLookup", "InRiver.TableLookup\InRiver.TableLookup.csproj", "{99730F4E-9FBB-4A0D-B98E-0FDD9640411D}"
EndProject
Project("{FAE04EC0-301F-11D3-BF4B-00C04F79EFBC}") = "InRiver.TableLookup.Tests", "InRiver.TableLookup.Tests\InRiver.TableLookup.Tests.csproj", "{DBEA4483-0E04-41D9-AD4E-7E61268E76D7}"
EndProject
Global
	GlobalSection(SolutionConfigurationPlatforms) = preSolution
		Debug|Any CPU = Debug|Any CPU
		Release|Any CPU = Release|Any CPU
	EndGlobalSection
	GlobalSection(ProjectConfigurationPlatforms) = postSolution
		{99730F4E-9FBB-4A0D-B98E-0FDD9640411D}.Debug|Any CPU.ActiveCfg = Debug|Any CPU
		{99730F4E-9FBB-4A0D-B98E-0FDD9640411D}.Debug|Any CPU.Build.0 = Debug|Any CPU
		{99730F4E-9FBB-4A0D-B98E-0FDD9640411D}.Release|Any CPU.ActiveCfg = Release|Any CPU
		{99730F4E-9FBB-4A0D-B98E-0FDD9640411D}.Release|Any CPU.Build.0 = Release|Any CPU
		{DBEA4483-0E04-41D9-AD4E-7E61268E76D7}.Debug|Any CPU.ActiveCfg = Debug|Any CPU
		{DBEA4483-0E04-41D9-AD4E-7E61268E76D7}.Debug|Any CPU.Build.0 = Debug|Any CPU
		{DBEA4483-0E04-41D9-AD4E-7E61268E76D7}.Release|Any CPU.ActiveCfg = Release|Any CPU
		{DBEA4483-0E04-41D9-AD4E-7E61268E76D7}.Release|Any CPU.Build.0 = Release|Any CPU
	EndGlobalSection
	GlobalSection(SolutionProperties) = preSolution
		HideSolutionNode = FALSE
	EndGlobalSection
	GlobalSection(ExtensibilityGlobals) = postSolution
		SolutionGuid = {2E3DBE53-43D1-4648-8B1B-026C9AE904D9}
	EndGlobalSection
EndGlobal
